
Microsoft Visual Studio Solution File, Format Version 12.00
# Visual Studio Version 16
VisualStudioVersion = 16.0.31112.23
MinimumVisualStudioVersion = 10.0.40219.1
Project("{FAE04EC0-301F-11D3-BF4B-00C04F79EFBC}") = "CaseOpener", "CaseOpener\CaseOpener.csproj", "{00297E8C-CEBA-491B-993A-B03BC58E7DE6}"
EndProject
Global
	GlobalSection(SolutionConfigurationPlatforms) = preSolution
		Debug|Any CPU = Debug|Any CPU
		Release|Any CPU = Release|Any CPU
	EndGlobalSection
	GlobalSection(ProjectConfigurationPlatforms) = postSolution
		{00297E8C-CEBA-491B-993A-B03BC58E7DE6}.Debug|Any CPU.ActiveCfg = Debug|Any CPU
		{00297E8C-CEBA-491B-993A-B03BC58E7DE6}.Debug|Any CPU.Build.0 = Debug|Any CPU
		{00297E8C-CEBA-491B-993A-B03BC58E7DE6}.Release|Any CPU.ActiveCfg = Release|Any CPU
		{00297E8C-CEBA-491B-993A-B03BC58E7DE6}.Release|Any CPU.Build.0 = Release|Any CPU
	EndGlobalSection
	GlobalSection(SolutionProperties) = preSolution
		HideSolutionNode = FALSE
	EndGlobalSection
	GlobalSection(ExtensibilityGlobals) = postSolution
		SolutionGuid = {287D8CEE-E08B-40A5-AAEE-B5350DA6D8C0}
	EndGlobalSection
EndGlobal
